github.com/davecgh/go-spew v1.1.1 h1:vj9j/u1bqnvCEfJOwUhtlOARqs3+rkHYY13jYWTU97c=
github.com/davecgh/go-spew v1.1.1/go.mod h1:J7Y8YcW2NihsgmVo/mv3lAwl/skON4iLHjSsI+c5H38=
github.com/guregu/null v3.4.0+incompatible h1:a4mw37gBO7ypcBlTJeZGuMpSxxFTV9qFfFKgWxQSGaM=
github.com/guregu/null v3.4.0+incompatible/go.mod h1:ePGpQaN9cw0tj45IR5E5ehMvsFlLlQZAkkOXZurJ3NM=
